
Microsoft Visual Studio Solution File, Format Version 12.00
# Visual Studio Version 17
VisualStudioVersion = 17.3.32901.215
MinimumVisualStudioVersion = 10.0.40219.1
Project("{FAE04EC0-301F-11D3-BF4B-00C04F79EFBC}") = "Client", "Client.csproj", "{A42F4478-0044-4D8A-9FF9-DC8F20CD3E2C}"
EndProject
Global
	GlobalSection(SolutionConfigurationPlatforms) = preSolution
		Debug|Any CPU = Debug|Any CPU
		Release|Any CPU = Release|Any CPU
	EndGlobalSection
	GlobalSection(ProjectConfigurationPlatforms) = postSolution
		{A42F4478-0044-4D8A-9FF9-DC8F20CD3E2C}.Debug|Any CPU.ActiveCfg = Debug|Any CPU
		{A42F4478-0044-4D8A-9FF9-DC8F20CD3E2C}.Debug|Any CPU.Build.0 = Debug|Any CPU
		{A42F4478-0044-4D8A-9FF9-DC8F20CD3E2C}.Release|Any CPU.ActiveCfg = Release|Any CPU
		{A42F4478-0044-4D8A-9FF9-DC8F20CD3E2C}.Release|Any CPU.Build.0 = Release|Any CPU
	EndGlobalSection
	GlobalSection(SolutionProperties) = preSolution
		HideSolutionNode = FALSE
	EndGlobalSection
	GlobalSection(ExtensibilityGlobals) = postSolution
		SolutionGuid = {48836077-EADC-4FE6-8320-150518DADD33}
	EndGlobalSection
EndGlobal
